<?xml version="1.0" encoding="utf-8"?>
<Project ToolsVersion="4.0" xmlns="http://schemas.microsoft.com/developer/msbuild/2003">
  <ItemGroup>
    <Filter Include="Kernel">
      <UniqueIdentifier>{3a3f56ba-d448-46a5-86b7-77ed0338394e}</UniqueIdentifier>
    </Filter>
    <Filter Include="Core">
      <UniqueIdentifier>{064d76c1-e4c8-46b4-9af3-323a7257659e}</UniqueIdentifier>
    </Filter>
    <Filter Include="Core\memory">
      <UniqueIdentifier>{4e5abfd0-5725-4c5a-9ea1-f9d9a8ae1e80}</UniqueIdentifier>
    </Filter>
    <Filter Include="Details">
      <UniqueIdentifier>{d4a33158-9cce-41e2-ab56-9b74bd81dffe}</UniqueIdentifier>
    </Filter>
    <Filter Include="Stripifier">
      <UniqueIdentifier>{3230c476-3789-4802-b58f-6ac204c00e36}</UniqueIdentifier>
    </Filter>
    <Filter Include="Lights">
      <UniqueIdentifier>{3b999d23-e271-4c28-a194-bad571779a0d}</UniqueIdentifier>
    </Filter>
    <Filter Include="Glows">
      <UniqueIdentifier>{2ae2c525-93c1-41fa-970d-2d940bd3e500}</UniqueIdentifier>
    </Filter>
    <Filter Include="Wallmarks">
      <UniqueIdentifier>{4329ba57-4a16-4e0a-989f-499419b22ba1}</UniqueIdentifier>
    </Filter>
    <Filter Include="Shading templates">
      <UniqueIdentifier>{fe2159c8-94ae-401f-81e4-1533e11024d7}</UniqueIdentifier>
    </Filter>
    <Filter Include="Shading templates\R1">
      <UniqueIdentifier>{87f75dda-4339-4253-843f-a640195afa42}</UniqueIdentifier>
    </Filter>
    <Filter Include="Models">
      <UniqueIdentifier>{d3e2a5a5-8e72-4761-b4c4-56dac8b2bbbf}</UniqueIdentifier>
    </Filter>
    <Filter Include="Models\Visuals">
      <UniqueIdentifier>{4864f9f8-b991-4b30-bf1c-dc89df3be9c3}</UniqueIdentifier>
    </Filter>
    <Filter Include="Visibility">
      <UniqueIdentifier>{83c3c052-1e91-459b-969e-5ffdb9359ad9}</UniqueIdentifier>
    </Filter>
    <Filter Include="Visibility\Sector/Portal">
      <UniqueIdentifier>{fa5cd6bf-a5d1-46a9-90b6-320533c93371}</UniqueIdentifier>
    </Filter>
    <Filter Include="Visibility\HOM Occlusion">
      <UniqueIdentifier>{316a2a34-6fbe-46f6-bba9-cca630de8ffc}</UniqueIdentifier>
    </Filter>
    <Filter Include="Core_Target">
      <UniqueIdentifier>{92dd04ec-cf66-4fd8-bd53-84552ef3b8dc}</UniqueIdentifier>
    </Filter>
    <Filter Include="Sky">
      <UniqueIdentifier>{89b0cdde-8d71-4539-bb8b-4f2cbfc206ee}</UniqueIdentifier>
    </Filter>
  </ItemGroup>
  <ItemGroup>
    <ClInclude Include="cl_intersect.h">
      <Filter>Kernel</Filter>
    </ClInclude>
    <ClInclude Include="stdafx.h">
      <Filter>Kernel</Filter>
    </ClInclude>
    <ClInclude Include="..\xrRender\xrRender_console.h">
      <Filter>Kernel</Filter>
    </ClInclude>
    <ClInclude Include="..\xrRender\PSLibrary.h">
      <Filter>Core</Filter>
    </ClInclude>
    <ClInclude Include="r2.h">
      <Filter>Core</Filter>
    </ClInclude>
    <ClInclude Include="r2_types.h">
      <Filter>Core</Filter>
    </ClInclude>
    <ClInclude Include="..\xrRender\r__dsgraph_structure.h">
      <Filter>Core</Filter>
    </ClInclude>
    <ClInclude Include="..\xrRender\r__dsgraph_types.h">
      <Filter>Core</Filter>
    </ClInclude>
    <ClInclude Include="..\xrRender\r__occlusion.h">
      <Filter>Core</Filter>
    </ClInclude>
    <ClInclude Include="..\xrRender\r__pixel_calculator.h">
      <Filter>Core</Filter>
    </ClInclude>
    <ClInclude Include="doug_lea_memory_allocator.h">
      <Filter>Core\memory</Filter>
    </ClInclude>
    <ClInclude Include="DetailFormat.h">
      <Filter>Details</Filter>
    </ClInclude>
    <ClInclude Include="..\xrRender\DetailManager.h">
      <Filter>Details</Filter>
    </ClInclude>
    <ClInclude Include="..\xrRender\DetailModel.h">
      <Filter>Details</Filter>
    </ClInclude>
    <ClInclude Include="..\xrRender\NvTriStrip.h">
      <Filter>Stripifier</Filter>
    </ClInclude>
    <ClInclude Include="..\xrRender\NvTriStripObjects.h">
      <Filter>Stripifier</Filter>
    </ClInclude>
    <ClInclude Include="..\xrRender\VertexCache.h">
      <Filter>Stripifier</Filter>
    </ClInclude>
    <ClInclude Include="..\xrRender\xrStripify.h">
      <Filter>Stripifier</Filter>
    </ClInclude>
    <ClInclude Include="light.h">
      <Filter>Lights</Filter>
    </ClInclude>
    <ClInclude Include="..\xrRender\Light_DB.h">
      <Filter>Lights</Filter>
    </ClInclude>
    <ClInclude Include="light_gi.h">
      <Filter>Lights</Filter>
    </ClInclude>
    <ClInclude Include="..\xrRender\Light_Package.h">
      <Filter>Lights</Filter>
    </ClInclude>
    <ClInclude Include="Light_Render_Direct.h">
      <Filter>Lights</Filter>
    </ClInclude>
    <ClInclude Include="light_smapvis.h">
      <Filter>Lights</Filter>
    </ClInclude>
    <ClInclude Include="..\xrRender\LightTrack.h">
      <Filter>Lights</Filter>
    </ClInclude>
    <ClInclude Include="SMAP_Allocator.h">
      <Filter>Lights</Filter>
    </ClInclude>
    <ClInclude Include="..\xrRender\WallmarksEngine.h">
      <Filter>Wallmarks</Filter>
    </ClInclude>
    <ClInclude Include="blender_bloom_build.h">
      <Filter>Shading templates</Filter>
    </ClInclude>
    <ClInclude Include="..\xrRender\Blender_BmmD.h">
      <Filter>Shading templates</Filter>
    </ClInclude>
    <ClInclude Include="blender_combine.h">
      <Filter>Shading templates</Filter>
    </ClInclude>
    <ClInclude Include="blender_deffer_aref.h">
      <Filter>Shading templates</Filter>
    </ClInclude>
    <ClInclude Include="blender_deffer_flat.h">
      <Filter>Shading templates</Filter>
    </ClInclude>
    <ClInclude Include="blender_deffer_model.h">
      <Filter>Shading templates</Filter>
    </ClInclude>
    <ClInclude Include="..\xrRender\Blender_Editor_Selection.h">
      <Filter>Shading templates</Filter>
    </ClInclude>
    <ClInclude Include="..\xrRender\Blender_Editor_Wire.h">
      <Filter>Shading templates</Filter>
    </ClInclude>
    <ClInclude Include="blender_light_direct.h">
      <Filter>Shading templates</Filter>
    </ClInclude>
    <ClInclude Include="blender_light_mask.h">
      <Filter>Shading templates</Filter>
    </ClInclude>
    <ClInclude Include="blender_light_occq.h">
      <Filter>Shading templates</Filter>
    </ClInclude>
    <ClInclude Include="blender_light_point.h">
      <Filter>Shading templates</Filter>
    </ClInclude>
    <ClInclude Include="blender_light_reflected.h">
      <Filter>Shading templates</Filter>
    </ClInclude>
    <ClInclude Include="blender_light_spot.h">
      <Filter>Shading templates</Filter>
    </ClInclude>
    <ClInclude Include="blender_luminance.h">
      <Filter>Shading templates</Filter>
    </ClInclude>
    <ClInclude Include="..\xrRender\Blender_Particle.h">
      <Filter>Shading templates</Filter>
    </ClInclude>
    <ClInclude Include="..\xrRender\uber_deffer.h">
      <Filter>Shading templates</Filter>
    </ClInclude>
    <ClInclude Include="..\xrRender\Blender_detail_still.h">
      <Filter>Shading templates\R1</Filter>
    </ClInclude>
    <ClInclude Include="..\xrRender\Blender_Lm(EbB).h">
      <Filter>Shading templates\R1</Filter>
    </ClInclude>
    <ClInclude Include="..\xrRender\Blender_Model_EbB.h">
      <Filter>Shading templates\R1</Filter>
    </ClInclude>
    <ClInclude Include="..\xrRender\Blender_Screen_SET.h">
      <Filter>Shading templates\R1</Filter>
    </ClInclude>
    <ClInclude Include="..\xrRender\Blender_tree.h">
      <Filter>Shading templates\R1</Filter>
    </ClInclude>
    <ClInclude Include="..\xrRender\ModelPool.h">
      <Filter>Models</Filter>
    </ClInclude>
    <ClInclude Include="..\xrRender\FLOD.h">
      <Filter>Models\Visuals</Filter>
    </ClInclude>
    <ClInclude Include="..\xrRender\FProgressive.h">
      <Filter>Models\Visuals</Filter>
    </ClInclude>
    <ClInclude Include="..\xrRender\FSkinned.h">
      <Filter>Models\Visuals</Filter>
    </ClInclude>
    <ClInclude Include="..\xrRender\FTreeVisual.h">
      <Filter>Models\Visuals</Filter>
    </ClInclude>
    <ClInclude Include="..\xrRender\FVisual.h">
      <Filter>Models\Visuals</Filter>
    </ClInclude>
    <ClInclude Include="..\xrRender\ParticleEffect.h">
      <Filter>Models\Visuals</Filter>
    </ClInclude>
    <ClInclude Include="..\xrRender\ParticleEffectDef.h">
      <Filter>Models\Visuals</Filter>
    </ClInclude>
    <ClInclude Include="..\xrRender\ParticleGroup.h">
      <Filter>Models\Visuals</Filter>
    </ClInclude>
    <ClInclude Include="..\xrRender\r__sector.h">
      <Filter>Visibility\Sector/Portal</Filter>
    </ClInclude>
    <ClInclude Include="..\xrRender\HOM.h">
      <Filter>Visibility\HOM Occlusion</Filter>
    </ClInclude>
    <ClInclude Include="..\xrRender\occRasterizer.h">
      <Filter>Visibility\HOM Occlusion</Filter>
    </ClInclude>
    <ClInclude Include="du_sphere_part.h">
      <Filter>Core_Target</Filter>
    </ClInclude>
    <ClInclude Include="r2_rendertarget.h">
      <Filter>Core_Target</Filter>
    </ClInclude>
    <ClInclude Include="r2_rendertarget_wallmarks.h">
      <Filter>Core_Target</Filter>
    </ClInclude>
    <ClInclude Include="Blender_blit.h">
      <Filter>Shading templates</Filter>
    </ClInclude>
    <ClInclude Include="blender_ambient.h">
      <Filter>Shading templates</Filter>
    </ClInclude>
    <ClInclude Include="blender_postprocess_tonemap.h">
      <Filter>Shading templates</Filter>
    </ClInclude>
    <ClInclude Include="blender_postprocess_taa.h">
      <Filter>Shading templates</Filter>
    </ClInclude>
    <ClInclude Include="blender_postprocess_stochastic_bloom.h">
      <Filter>Shading templates</Filter>
    </ClInclude>
    <ClInclude Include="blender_postprocess_bloom_prepass.h">
      <Filter>Shading templates</Filter>
    </ClInclude>
    <ClInclude Include="blender_postprocess_ssr.h">
      <Filter>Shading templates</Filter>
    </ClInclude>
    <ClInclude Include="blender_postprocess_reflection.h">
      <Filter>Shading templates</Filter>
    </ClInclude>
    <ClInclude Include="blender_motionVector.h">
      <Filter>Shading templates</Filter>
    </ClInclude>
    <ClInclude Include="blender_postprocess_ssr_temporal.h">
      <Filter>Shading templates</Filter>
    </ClInclude>
    <ClInclude Include="blender_postprocess_combine.h">
      <Filter>Shading templates</Filter>
    </ClInclude>
    <ClInclude Include="blender_raytraced_shadows.h">
      <Filter>Shading templates</Filter>
    </ClInclude>
    <ClInclude Include="blender_postprocess_AO.h">
      <Filter>Shading templates</Filter>
    </ClInclude>
    <ClInclude Include="..\..\xrSky\ArHosekSkyModel.h">
      <Filter>Sky</Filter>
    </ClInclude>
    <ClInclude Include="..\..\xrSky\ArHosekSkyModelData_CIEXYZ.h">
      <Filter>Sky</Filter>
    </ClInclude>
    <ClInclude Include="..\..\xrSky\ArHosekSkyModelData_RGB.h">
      <Filter>Sky</Filter>
    </ClInclude>
    <ClInclude Include="..\..\xrSky\ArHosekSkyModelData_Spectral.h">
      <Filter>Sky</Filter>
    </ClInclude>
  </ItemGroup>
  <ItemGroup>
    <ClCompile Include="stdafx.cpp">
      <Filter>Kernel</Filter>
    </ClCompile>
    <ClCompile Include="..\xrRender\xrRender_console.cpp">
      <Filter>Kernel</Filter>
    </ClCompile>
    <ClCompile Include="xrRender_R2.cpp">
      <Filter>Kernel</Filter>
    </ClCompile>
    <ClCompile Include="..\xrRender\PSLibrary.cpp">
      <Filter>Core</Filter>
    </ClCompile>
    <ClCompile Include="r2.cpp">
      <Filter>Core</Filter>
    </ClCompile>
    <ClCompile Include="r2_blenders.cpp">
      <Filter>Core</Filter>
    </ClCompile>
    <ClCompile Include="r2_loader.cpp">
      <Filter>Core</Filter>
    </ClCompile>
    <ClCompile Include="r2_R_calculate.cpp">
      <Filter>Core</Filter>
    </ClCompile>
    <ClCompile Include="r2_R_lights.cpp">
      <Filter>Core</Filter>
    </ClCompile>
    <ClCompile Include="r2_R_render.cpp">
      <Filter>Core</Filter>
    </ClCompile>
    <ClCompile Include="r2_R_sun.cpp">
      <Filter>Core</Filter>
    </ClCompile>
    <ClCompile Include="r2_sector_detect.cpp">
      <Filter>Core</Filter>
    </ClCompile>
    <ClCompile Include="r2_test_hw.cpp">
      <Filter>Core</Filter>
    </ClCompile>
    <ClCompile Include="..\xrRender\r__dsgraph_build.cpp">
      <Filter>Core</Filter>
    </ClCompile>
    <ClCompile Include="..\xrRender\r__dsgraph_render.cpp">
      <Filter>Core</Filter>
    </ClCompile>
    <ClCompile Include="..\xrRender\r__dsgraph_render_lods.cpp">
      <Filter>Core</Filter>
    </ClCompile>
    <ClCompile Include="..\xrRender\r__occlusion.cpp">
      <Filter>Core</Filter>
    </ClCompile>
    <ClCompile Include="..\xrRender\r__pixel_calculator.cpp">
      <Filter>Core</Filter>
    </ClCompile>
    <ClCompile Include="..\xrRender\r__screenshot.cpp">
      <Filter>Core</Filter>
    </ClCompile>
    <ClCompile Include="..\xrRender\Texture.cpp">
      <Filter>Core</Filter>
    </ClCompile>
    <ClCompile Include="..\xrRender\tga.cpp">
      <Filter>Core</Filter>
    </ClCompile>
    <ClCompile Include="..\xrRender\doug_lea_memory_allocator.c">
      <Filter>Core\memory</Filter>
    </ClCompile>
    <ClCompile Include="..\xrRender\DetailManager.cpp">
      <Filter>Details</Filter>
    </ClCompile>
    <ClCompile Include="..\xrRender\DetailManager_CACHE.cpp">
      <Filter>Details</Filter>
    </ClCompile>
    <ClCompile Include="..\xrRender\DetailManager_Decompress.cpp">
      <Filter>Details</Filter>
    </ClCompile>
    <ClCompile Include="..\xrRender\DetailManager_soft.cpp">
      <Filter>Details</Filter>
    </ClCompile>
    <ClCompile Include="..\xrRender\DetailManager_VS.cpp">
      <Filter>Details</Filter>
    </ClCompile>
    <ClCompile Include="..\xrRender\DetailModel.cpp">
      <Filter>Details</Filter>
    </ClCompile>
    <ClCompile Include="..\xrRender\NvTriStrip.cpp">
      <Filter>Stripifier</Filter>
    </ClCompile>
    <ClCompile Include="..\xrRender\NvTriStripObjects.cpp">
      <Filter>Stripifier</Filter>
    </ClCompile>
    <ClCompile Include="..\xrRender\VertexCache.cpp">
      <Filter>Stripifier</Filter>
    </ClCompile>
    <ClCompile Include="..\xrRender\xrStripify.cpp">
      <Filter>Stripifier</Filter>
    </ClCompile>
    <ClCompile Include="..\xrRender\light.cpp">
      <Filter>Lights</Filter>
    </ClCompile>
    <ClCompile Include="..\xrRender\Light_DB.cpp">
      <Filter>Lights</Filter>
    </ClCompile>
    <ClCompile Include="light_GI.cpp">
      <Filter>Lights</Filter>
    </ClCompile>
    <ClCompile Include="..\xrRender\Light_Package.cpp">
      <Filter>Lights</Filter>
    </ClCompile>
    <ClCompile Include="Light_Render_Direct.cpp">
      <Filter>Lights</Filter>
    </ClCompile>
    <ClCompile Include="Light_Render_Direct_ComputeXFS.cpp">
      <Filter>Lights</Filter>
    </ClCompile>
    <ClCompile Include="light_smapvis.cpp">
      <Filter>Lights</Filter>
    </ClCompile>
    <ClCompile Include="light_vis.cpp">
      <Filter>Lights</Filter>
    </ClCompile>
    <ClCompile Include="..\xrRender\LightTrack.cpp">
      <Filter>Lights</Filter>
    </ClCompile>
    <ClCompile Include="..\xrRender\WallmarksEngine.cpp">
      <Filter>Wallmarks</Filter>
    </ClCompile>
    <ClCompile Include="blender_bloom_build.cpp">
      <Filter>Shading templates</Filter>
    </ClCompile>
    <ClCompile Include="..\xrRender\Blender_BmmD.cpp">
      <Filter>Shading templates</Filter>
    </ClCompile>
    <ClCompile Include="blender_combine.cpp">
      <Filter>Shading templates</Filter>
    </ClCompile>
    <ClCompile Include="blender_deffer_aref.cpp">
      <Filter>Shading templates</Filter>
    </ClCompile>
    <ClCompile Include="blender_deffer_flat.cpp">
      <Filter>Shading templates</Filter>
    </ClCompile>
    <ClCompile Include="blender_deffer_model.cpp">
      <Filter>Shading templates</Filter>
    </ClCompile>
    <ClCompile Include="..\xrRender\Blender_Editor_Selection.cpp">
      <Filter>Shading templates</Filter>
    </ClCompile>
    <ClCompile Include="..\xrRender\Blender_Editor_Wire.cpp">
      <Filter>Shading templates</Filter>
    </ClCompile>
    <ClCompile Include="blender_light_direct.cpp">
      <Filter>Shading templates</Filter>
    </ClCompile>
    <ClCompile Include="blender_light_mask.cpp">
      <Filter>Shading templates</Filter>
    </ClCompile>
    <ClCompile Include="blender_light_occq.cpp">
      <Filter>Shading templates</Filter>
    </ClCompile>
    <ClCompile Include="blender_light_point.cpp">
      <Filter>Shading templates</Filter>
    </ClCompile>
    <ClCompile Include="blender_light_reflected.cpp">
      <Filter>Shading templates</Filter>
    </ClCompile>
    <ClCompile Include="blender_light_spot.cpp">
      <Filter>Shading templates</Filter>
    </ClCompile>
    <ClCompile Include="blender_luminance.cpp">
      <Filter>Shading templates</Filter>
    </ClCompile>
    <ClCompile Include="..\xrRender\Blender_Particle.cpp">
      <Filter>Shading templates</Filter>
    </ClCompile>
    <ClCompile Include="..\xrRender\uber_deffer.cpp">
      <Filter>Shading templates</Filter>
    </ClCompile>
    <ClCompile Include="..\xrRender\Blender_detail_still.cpp">
      <Filter>Shading templates\R1</Filter>
    </ClCompile>
    <ClCompile Include="..\xrRender\Blender_Lm(EbB).cpp">
      <Filter>Shading templates\R1</Filter>
    </ClCompile>
    <ClCompile Include="..\xrRender\Blender_Model_EbB.cpp">
      <Filter>Shading templates\R1</Filter>
    </ClCompile>
    <ClCompile Include="..\xrRender\Blender_Screen_SET.cpp">
      <Filter>Shading templates\R1</Filter>
    </ClCompile>
    <ClCompile Include="..\xrRender\Blender_tree.cpp">
      <Filter>Shading templates\R1</Filter>
    </ClCompile>
    <ClCompile Include="..\xrRender\ModelPool.cpp">
      <Filter>Models</Filter>
    </ClCompile>
    <ClCompile Include="..\xrRender\FLOD.cpp">
      <Filter>Models\Visuals</Filter>
    </ClCompile>
    <ClCompile Include="..\xrRender\FProgressive.cpp">
      <Filter>Models\Visuals</Filter>
    </ClCompile>
    <ClCompile Include="..\xrRender\FSkinned.cpp">
      <Filter>Models\Visuals</Filter>
    </ClCompile>
    <ClCompile Include="..\xrRender\FTreeVisual.cpp">
      <Filter>Models\Visuals</Filter>
    </ClCompile>
    <ClCompile Include="..\xrRender\FVisual.cpp">
      <Filter>Models\Visuals</Filter>
    </ClCompile>
    <ClCompile Include="..\xrRender\ParticleEffect.cpp">
      <Filter>Models\Visuals</Filter>
    </ClCompile>
    <ClCompile Include="..\xrRender\ParticleEffectDef.cpp">
      <Filter>Models\Visuals</Filter>
    </ClCompile>
    <ClCompile Include="..\xrRender\ParticleGroup.cpp">
      <Filter>Models\Visuals</Filter>
    </ClCompile>
    <ClCompile Include="..\xrRender\r__sector.cpp">
      <Filter>Visibility\Sector/Portal</Filter>
    </ClCompile>
    <ClCompile Include="..\xrRender\r__sector_traversal.cpp">
      <Filter>Visibility\Sector/Portal</Filter>
    </ClCompile>
    <ClCompile Include="..\xrRender\HOM.cpp">
      <Filter>Visibility\HOM Occlusion</Filter>
    </ClCompile>
    <ClCompile Include="..\xrRender\occRasterizer.cpp">
      <Filter>Visibility\HOM Occlusion</Filter>
    </ClCompile>
    <ClCompile Include="..\xrRender\occRasterizer_core.cpp">
      <Filter>Visibility\HOM Occlusion</Filter>
    </ClCompile>
    <ClCompile Include="du_sphere_part.cpp">
      <Filter>Core_Target</Filter>
    </ClCompile>
    <ClCompile Include="r2_rendertarget.cpp">
      <Filter>Core_Target</Filter>
    </ClCompile>
    <ClCompile Include="r2_rendertarget_accum_direct.cpp">
      <Filter>Core_Target</Filter>
    </ClCompile>
    <ClCompile Include="r2_rendertarget_accum_omnipart_geom.cpp">
      <Filter>Core_Target</Filter>
    </ClCompile>
    <ClCompile Include="r2_rendertarget_accum_point.cpp">
      <Filter>Core_Target</Filter>
    </ClCompile>
    <ClCompile Include="r2_rendertarget_accum_point_geom.cpp">
      <Filter>Core_Target</Filter>
    </ClCompile>
    <ClCompile Include="r2_rendertarget_accum_reflected.cpp">
      <Filter>Core_Target</Filter>
    </ClCompile>
    <ClCompile Include="r2_rendertarget_accum_spot.cpp">
      <Filter>Core_Target</Filter>
    </ClCompile>
    <ClCompile Include="r2_rendertarget_accum_spot_geom.cpp">
      <Filter>Core_Target</Filter>
    </ClCompile>
    <ClCompile Include="r2_rendertarget_draw_volume.cpp">
      <Filter>Core_Target</Filter>
    </ClCompile>
    <ClCompile Include="r2_rendertarget_enable_scissor.cpp">
      <Filter>Core_Target</Filter>
    </ClCompile>
    <ClCompile Include="r2_rendertarget_phase_accumulator.cpp">
      <Filter>Core_Target</Filter>
    </ClCompile>
    <ClCompile Include="r2_rendertarget_phase_bloom.cpp">
      <Filter>Core_Target</Filter>
    </ClCompile>
    <ClCompile Include="r2_rendertarget_phase_combine.cpp">
      <Filter>Core_Target</Filter>
    </ClCompile>
    <ClCompile Include="r2_rendertarget_phase_luminance.cpp">
      <Filter>Core_Target</Filter>
    </ClCompile>
    <ClCompile Include="r2_rendertarget_phase_occq.cpp">
      <Filter>Core_Target</Filter>
    </ClCompile>
    <ClCompile Include="r2_rendertarget_phase_PP.cpp">
      <Filter>Core_Target</Filter>
    </ClCompile>
    <ClCompile Include="r2_rendertarget_phase_scene.cpp">
      <Filter>Core_Target</Filter>
    </ClCompile>
    <ClCompile Include="r2_rendertarget_phase_smap_D.cpp">
      <Filter>Core_Target</Filter>
    </ClCompile>
    <ClCompile Include="r2_rendertarget_phase_smap_S.cpp">
      <Filter>Core_Target</Filter>
    </ClCompile>
    <ClCompile Include="blender_blit.cpp">
      <Filter>Shading templates</Filter>
    </ClCompile>
    <ClCompile Include="r2_rendertarget_phase_copy.cpp">
      <Filter>Core_Target</Filter>
    </ClCompile>
    <ClCompile Include="blender_ambient.cpp">
      <Filter>Shading templates</Filter>
    </ClCompile>
    <ClCompile Include="r2_rendertarget_accum_ambient.cpp">
      <Filter>Core_Target</Filter>
    </ClCompile>
    <ClCompile Include="blender_postprocess_tonemap.cpp">
      <Filter>Shading templates</Filter>
    </ClCompile>
    <ClCompile Include="r2_rendertarget_phase_postprocess_tonemap.cpp">
      <Filter>Core_Target</Filter>
    </ClCompile>
    <ClCompile Include="blender_postprocess_taa.cpp">
      <Filter>Shading templates</Filter>
    </ClCompile>
    <ClCompile Include="blender_postprocess_stochastic_bloom.cpp">
      <Filter>Shading templates</Filter>
    </ClCompile>
    <ClCompile Include="blender_postprocess_bloom_prepass.cpp">
      <Filter>Shading templates</Filter>
    </ClCompile>
    <ClCompile Include="blender_postprocess_ssr.cpp">
      <Filter>Shading templates</Filter>
    </ClCompile>
    <ClCompile Include="r2_rendertarget_phase_ssr_raycast.cpp">
      <Filter>Core_Target</Filter>
    </ClCompile>
    <ClCompile Include="r2_rendertarget_phase_postprocess_reflection.cpp">
      <Filter>Core_Target</Filter>
    </ClCompile>
    <ClCompile Include="blender_postprocess_reflection.cpp">
      <Filter>Shading templates</Filter>
    </ClCompile>
    <ClCompile Include="blender_motionVector.cpp">
      <Filter>Shading templates</Filter>
    </ClCompile>
    <ClCompile Include="r2_rendertarget_phase_motionVector.cpp">
      <Filter>Core_Target</Filter>
    </ClCompile>
    <ClCompile Include="r2_rendertarget_phase_UI.cpp">
      <Filter>Core_Target</Filter>
    </ClCompile>
    <ClCompile Include="r2_rendertarget_phase_deferred_resolve.cpp">
      <Filter>Core_Target</Filter>
    </ClCompile>
    <ClCompile Include="r2_rendertarget_phase_postprocess_TAA.cpp">
      <Filter>Core_Target</Filter>
    </ClCompile>
    <ClCompile Include="blender_postprocess_ssr_temporal.cpp">
      <Filter>Shading templates</Filter>
    </ClCompile>
    <ClCompile Include="blender_postprocess_combine.cpp">
      <Filter>Shading templates</Filter>
    </ClCompile>
    <ClCompile Include="r2_rendertarget_phase_postprocess_combine.cpp">
      <Filter>Core_Target</Filter>
    </ClCompile>
    <ClCompile Include="r2_rendertarget_accum_raytraced_shadows.cpp">
      <Filter>Core_Target</Filter>
    </ClCompile>
    <ClCompile Include="blender_raytraced_shadows.cpp">
      <Filter>Shading templates</Filter>
    </ClCompile>
    <ClCompile Include="blender_postprocess_AO.cpp">
      <Filter>Shading templates</Filter>
    </ClCompile>
    <ClCompile Include="r2_rendertarget_phase_postprocess_AO.cpp">
      <Filter>Core_Target</Filter>
    </ClCompile>
    <ClCompile Include="..\..\xrSky\ArHosekSkyModel.cpp">
      <Filter>Sky</Filter>
    </ClCompile>
  </ItemGroup>
  <ItemGroup>
    <None Include="todo.txt" />
    <None Include="ClassDiagram1.cd" />
    <None Include="ClassDiagram2.cd" />
  </ItemGroup>
</Project>