<?xml version="1.0" encoding="utf-8"?>
<Project ToolsVersion="4.0" xmlns="http://schemas.microsoft.com/developer/msbuild/2003">
  <ItemGroup>
    <Filter Include="Kernel">
      <UniqueIdentifier>{056756a0-d60e-43cd-af98-6ba3b0f4cc53}</UniqueIdentifier>
    </Filter>
    <Filter Include="Core">
      <UniqueIdentifier>{2c63c217-d8c8-400a-8298-d499e6833ec3}</UniqueIdentifier>
    </Filter>
    <Filter Include="Core\OpenAL">
      <UniqueIdentifier>{2ce46001-02d5-4e50-9aef-f96321e9e66b}</UniqueIdentifier>
    </Filter>
    <Filter Include="Core\DSound">
      <UniqueIdentifier>{17d2fc58-d71a-4075-a2a2-05ac651d1a46}</UniqueIdentifier>
    </Filter>
    <Filter Include="Emitter">
      <UniqueIdentifier>{e9880175-5f8b-4799-b3a7-639b047f733c}</UniqueIdentifier>
    </Filter>
    <Filter Include="Source">
      <UniqueIdentifier>{72509d47-6fc6-472e-9e64-44fda68c409d}</UniqueIdentifier>
    </Filter>
    <Filter Include="Target">
      <UniqueIdentifier>{54b26dd4-defb-4aad-b8bb-6fbc9fdd6f64}</UniqueIdentifier>
    </Filter>
    <Filter Include="Environment">
      <UniqueIdentifier>{e7213a9a-84ff-44e5-bd20-ed20d9bb5c1b}</UniqueIdentifier>
    </Filter>
    <Filter Include="Misc %28or old%29">
      <UniqueIdentifier>{7c56cfbe-b320-4181-a519-ad19fb825008}</UniqueIdentifier>
    </Filter>
    <Filter Include="Cache">
      <UniqueIdentifier>{8c19f503-6fd0-43bb-823e-1250e357b8e7}</UniqueIdentifier>
    </Filter>
  </ItemGroup>
  <ItemGroup>
    <ClInclude Include="cl_intersect.h">
      <Filter>Kernel</Filter>
    </ClInclude>
    <ClInclude Include="Sound.h">
      <Filter>Kernel</Filter>
    </ClInclude>
    <ClInclude Include="SoundRender.h">
      <Filter>Kernel</Filter>
    </ClInclude>
    <ClInclude Include="stdafx.h">
      <Filter>Kernel</Filter>
    </ClInclude>
    <ClInclude Include="SoundRender_Core.h">
      <Filter>Core</Filter>
    </ClInclude>
    <ClInclude Include="OpenALDeviceList.h">
      <Filter>Core\OpenAL</Filter>
    </ClInclude>
    <ClInclude Include="SoundRender_CoreA.h">
      <Filter>Core\OpenAL</Filter>
    </ClInclude>
    <ClInclude Include="SoundRender_CoreD.h">
      <Filter>Core\DSound</Filter>
    </ClInclude>
    <ClInclude Include="SoundRender_Emitter.h">
      <Filter>Emitter</Filter>
    </ClInclude>
    <ClInclude Include="SoundRender_Source.h">
      <Filter>Source</Filter>
    </ClInclude>
    <ClInclude Include="SoundRender_Target.h">
      <Filter>Target</Filter>
    </ClInclude>
    <ClInclude Include="SoundRender_TargetA.h">
      <Filter>Target</Filter>
    </ClInclude>
    <ClInclude Include="SoundRender_TargetD.h">
      <Filter>Target</Filter>
    </ClInclude>
    <ClInclude Include="SoundRender_Environment.h">
      <Filter>Environment</Filter>
    </ClInclude>
    <ClInclude Include="MusicStream.h">
      <Filter>Misc %28or old%29</Filter>
    </ClInclude>
    <ClInclude Include="xr_cda.h">
      <Filter>Misc %28or old%29</Filter>
    </ClInclude>
    <ClInclude Include="xr_streamsnd.h">
      <Filter>Misc %28or old%29</Filter>
    </ClInclude>
    <ClInclude Include="SoundRender_Cache.h">
      <Filter>Cache</Filter>
    </ClInclude>
  </ItemGroup>
  <ItemGroup>
    <ClCompile Include="guids.cpp">
      <Filter>Kernel</Filter>
    </ClCompile>
    <ClCompile Include="sound.cpp">
      <Filter>Kernel</Filter>
    </ClCompile>
    <ClCompile Include="stdafx.cpp">
      <Filter>Kernel</Filter>
    </ClCompile>
    <ClCompile Include="SoundRender_Core.cpp">
      <Filter>Core</Filter>
    </ClCompile>
    <ClCompile Include="SoundRender_Core_Processor.cpp">
      <Filter>Core</Filter>
    </ClCompile>
    <ClCompile Include="SoundRender_Core_SourceManager.cpp">
      <Filter>Core</Filter>
    </ClCompile>
    <ClCompile Include="SoundRender_Core_StartStop.cpp">
      <Filter>Core</Filter>
    </ClCompile>
    <ClCompile Include="OpenALDeviceList.cpp">
      <Filter>Core\OpenAL</Filter>
    </ClCompile>
    <ClCompile Include="SoundRender_CoreA.cpp">
      <Filter>Core\OpenAL</Filter>
    </ClCompile>
    <ClCompile Include="SoundRender_CoreD.cpp">
      <Filter>Core\DSound</Filter>
    </ClCompile>
    <ClCompile Include="SoundRender_Emitter.cpp">
      <Filter>Emitter</Filter>
    </ClCompile>
    <ClCompile Include="SoundRender_Emitter_FSM.cpp">
      <Filter>Emitter</Filter>
    </ClCompile>
    <ClCompile Include="SoundRender_Emitter_StartStop.cpp">
      <Filter>Emitter</Filter>
    </ClCompile>
    <ClCompile Include="SoundRender_Emitter_streamer.cpp">
      <Filter>Emitter</Filter>
    </ClCompile>
    <ClCompile Include="SoundRender_Source.cpp">
      <Filter>Source</Filter>
    </ClCompile>
    <ClCompile Include="SoundRender_Source_loader.cpp">
      <Filter>Source</Filter>
    </ClCompile>
    <ClCompile Include="SoundRender_Target.cpp">
      <Filter>Target</Filter>
    </ClCompile>
    <ClCompile Include="SoundRender_TargetA.cpp">
      <Filter>Target</Filter>
    </ClCompile>
    <ClCompile Include="SoundRender_TargetD.cpp">
      <Filter>Target</Filter>
    </ClCompile>
    <ClCompile Include="SoundRender_Environment.cpp">
      <Filter>Environment</Filter>
    </ClCompile>
    <ClCompile Include="MusicStream.cpp">
      <Filter>Misc %28or old%29</Filter>
    </ClCompile>
    <ClCompile Include="xr_cda.cpp">
      <Filter>Misc %28or old%29</Filter>
    </ClCompile>
    <ClCompile Include="xr_streamsnd.cpp">
      <Filter>Misc %28or old%29</Filter>
    </ClCompile>
    <ClCompile Include="SoundRender_Cache.cpp">
      <Filter>Cache</Filter>
    </ClCompile>
  </ItemGroup>
</Project>