<?xml version="1.0" encoding="utf-8"?>
<Project ToolsVersion="4.0" xmlns="http://schemas.microsoft.com/developer/msbuild/2003">
  <ItemGroup>
    <Filter Include="Kernel">
      <UniqueIdentifier>{ff8a4235-1cc4-4ebd-807a-f7363970c6bd}</UniqueIdentifier>
    </Filter>
    <Filter Include="Kernel\Resources">
      <UniqueIdentifier>{78614351-7ff2-4fbb-82ce-99ca0958c59d}</UniqueIdentifier>
    </Filter>
    <Filter Include="Kernel\Log">
      <UniqueIdentifier>{b7b1105c-236c-41a4-b730-7dedbe065964}</UniqueIdentifier>
    </Filter>
    <Filter Include="Kernel\Generic">
      <UniqueIdentifier>{6b2cac66-7fe4-44de-a1bf-da7720dd8001}</UniqueIdentifier>
    </Filter>
    <Filter Include="Kernel\CDB">
      <UniqueIdentifier>{e137957e-200b-44a3-8e06-bbfda2195434}</UniqueIdentifier>
    </Filter>
  </ItemGroup>
  <ItemGroup>
    <ClInclude Include="_d3d_extensions.h">
      <Filter>Kernel</Filter>
    </ClInclude>
    <ClInclude Include="defines.h">
      <Filter>Kernel</Filter>
    </ClInclude>
    <ClInclude Include="StdAfx.h">
      <Filter>Kernel</Filter>
    </ClInclude>
    <ClInclude Include="tga.h">
      <Filter>Kernel</Filter>
    </ClInclude>
    <ClInclude Include="xrSyncronize.h">
      <Filter>Kernel</Filter>
    </ClInclude>
    <ClInclude Include="xrThread.h">
      <Filter>Kernel</Filter>
    </ClInclude>
    <ClInclude Include="resource.h">
      <Filter>Kernel\Resources</Filter>
    </ClInclude>
    <ClInclude Include="cl_log.h">
      <Filter>Kernel\Log</Filter>
    </ClInclude>
    <ClInclude Include="std_classes.h">
      <Filter>Kernel\Generic</Filter>
    </ClInclude>
    <ClInclude Include="cl_intersect.h">
      <Filter>Kernel\CDB</Filter>
    </ClInclude>
    <ClInclude Include="xrCDB.h">
      <Filter>Kernel\CDB</Filter>
    </ClInclude>
    <ClInclude Include="communicate.h" />
    <ClInclude Include="DetailFormat.h" />
    <ClInclude Include="ETextureParams.h" />
    <ClInclude Include="light.h" />
    <ClInclude Include="R_light.h" />
    <ClInclude Include="Shader_xrLC.h" />
    <ClInclude Include="xrHemisphere.h" />
    <ClInclude Include="xrLevel.h" />
    <ClInclude Include="xrShaderTypes.h" />
  </ItemGroup>
  <ItemGroup>
    <ClCompile Include="StdAfx.cpp">
      <Filter>Kernel</Filter>
    </ClCompile>
    <ClCompile Include="tga.cpp">
      <Filter>Kernel</Filter>
    </ClCompile>
    <ClCompile Include="xrThread.cpp">
      <Filter>Kernel</Filter>
    </ClCompile>
    <ClCompile Include="cl_log.cpp">
      <Filter>Kernel\Log</Filter>
    </ClCompile>
    <ClCompile Include="compiler.cpp" />
    <ClCompile Include="xrDO_Light.cpp" />
    <ClCompile Include="..\..\xr_3da\xrLoadSurface.cpp" />
  </ItemGroup>
  <ItemGroup>
    <ResourceCompile Include="resource.rc">
      <Filter>Kernel\Resources</Filter>
    </ResourceCompile>
  </ItemGroup>
</Project>