<?xml version="1.0" encoding="utf-8"?>
<Project ToolsVersion="4.0" xmlns="http://schemas.microsoft.com/developer/msbuild/2003">
  <ItemGroup>
    <Filter Include="General">
      <UniqueIdentifier>{bf95e323-0060-4848-9335-dcf0b51cdaed}</UniqueIdentifier>
    </Filter>
    <Filter Include="General\Resources">
      <UniqueIdentifier>{7fe4269e-8ccc-4f08-81de-ef294298cb7d}</UniqueIdentifier>
    </Filter>
    <Filter Include="Interfaces">
      <UniqueIdentifier>{a068e8ce-c79a-412b-bfbe-2f3aa8d28463}</UniqueIdentifier>
    </Filter>
    <Filter Include="Interfaces\Sound">
      <UniqueIdentifier>{aefe6ce8-e656-4eff-b0bf-c26457b1ece1}</UniqueIdentifier>
    </Filter>
    <Filter Include="Interfaces\Input">
      <UniqueIdentifier>{6285daa5-0cfc-45c1-bf71-f82662eab89b}</UniqueIdentifier>
    </Filter>
    <Filter Include="Interfaces\Sheduler">
      <UniqueIdentifier>{9b4726dc-e989-41f7-9497-9a29062b924b}</UniqueIdentifier>
    </Filter>
    <Filter Include="Interfaces\Render">
      <UniqueIdentifier>{1a130233-faa2-46cc-a723-81da7a421d89}</UniqueIdentifier>
    </Filter>
    <Filter Include="Interfaces\SPATIAL">
      <UniqueIdentifier>{3e387388-e3ac-47e4-bdf8-0de5ea345456}</UniqueIdentifier>
    </Filter>
    <Filter Include="Interfaces\Collidable">
      <UniqueIdentifier>{b9031c58-2660-4854-acff-5c5bf3651e21}</UniqueIdentifier>
    </Filter>
    <Filter Include="Game API">
      <UniqueIdentifier>{78750b46-0408-4e1b-a248-0739484b435e}</UniqueIdentifier>
    </Filter>
    <Filter Include="Game API\Objects">
      <UniqueIdentifier>{7b0a3860-819f-465d-9905-f72175b9fc0c}</UniqueIdentifier>
    </Filter>
    <Filter Include="Game API\HUD">
      <UniqueIdentifier>{9e448deb-7eda-4e2c-a324-5917c074e94b}</UniqueIdentifier>
    </Filter>
    <Filter Include="Game API\Environment">
      <UniqueIdentifier>{17843794-192a-4996-bfc1-f4effa8352c5}</UniqueIdentifier>
    </Filter>
    <Filter Include="Game API\Environment\Effects">
      <UniqueIdentifier>{79b7b9d8-8ad8-4a08-8bc6-ddd10a1af8e3}</UniqueIdentifier>
    </Filter>
    <Filter Include="Game API\Cameras">
      <UniqueIdentifier>{4e0bc838-c136-4570-9c5f-40c0574297d2}</UniqueIdentifier>
    </Filter>
    <Filter Include="Game API\Collision">
      <UniqueIdentifier>{c669ebac-cd45-4f63-bfcb-661e965e5400}</UniqueIdentifier>
    </Filter>
    <Filter Include="Game API\Animator">
      <UniqueIdentifier>{f6a2b9ee-888c-490c-bcb0-e34811a293a2}</UniqueIdentifier>
    </Filter>
    <Filter Include="Game API\Feelers">
      <UniqueIdentifier>{2821d09b-7ba4-4acb-9032-f4aacaff89d3}</UniqueIdentifier>
    </Filter>
    <Filter Include="Game API\Demo">
      <UniqueIdentifier>{cc499241-c383-4144-be73-370a78de055d}</UniqueIdentifier>
    </Filter>
    <Filter Include="Interfaces\Render\Visuals">
      <UniqueIdentifier>{40c44f76-0348-4034-ad28-fa7005b30e2c}</UniqueIdentifier>
    </Filter>
    <Filter Include="Interfaces\Render\Visuals\Skeleton">
      <UniqueIdentifier>{74ef6a16-92fe-4645-907e-3553ad8cedf6}</UniqueIdentifier>
    </Filter>
    <Filter Include="Interfaces\Render\Visibility">
      <UniqueIdentifier>{632ea11b-eb8e-47b6-bc93-5539454c24d4}</UniqueIdentifier>
    </Filter>
    <Filter Include="Interfaces\Render\Visibility\Frustum">
      <UniqueIdentifier>{e839d82a-4765-45b0-9dbb-1c659f71cbf0}</UniqueIdentifier>
    </Filter>
    <Filter Include="Interfaces\Render\Particle system">
      <UniqueIdentifier>{f28633ec-c246-4993-a27e-cca349f60b00}</UniqueIdentifier>
    </Filter>
    <Filter Include="Interfaces\Render\Lighting">
      <UniqueIdentifier>{064c5be8-afaf-4cb3-bde0-f96c87ab68df}</UniqueIdentifier>
    </Filter>
    <Filter Include="Interfaces\Render\Font output">
      <UniqueIdentifier>{9c88c502-cd53-492e-bbb5-42df0b0426b4}</UniqueIdentifier>
    </Filter>
    <Filter Include="Interfaces\Render\Execution &amp; 3D">
      <UniqueIdentifier>{0a26e904-9ff1-40c3-8f17-b57e49202321}</UniqueIdentifier>
    </Filter>
    <Filter Include="Interfaces\Render\Execution &amp; 3D\HW">
      <UniqueIdentifier>{d8c5d65e-9d3f-4afb-bc42-30602a6f4caa}</UniqueIdentifier>
    </Filter>
    <Filter Include="Interfaces\Render\Execution &amp; 3D\Gamma">
      <UniqueIdentifier>{51c782fe-5258-4d47-8ed1-718f657cba64}</UniqueIdentifier>
    </Filter>
    <Filter Include="Interfaces\Render\Execution &amp; 3D\Shaders">
      <UniqueIdentifier>{d451a33b-bddf-4d09-95b8-536507c3ec18}</UniqueIdentifier>
    </Filter>
    <Filter Include="Interfaces\Render\Execution &amp; 3D\Shaders\Blender">
      <UniqueIdentifier>{acb6605a-60cd-4875-88ff-f4016345c22e}</UniqueIdentifier>
    </Filter>
    <Filter Include="Interfaces\Render\Execution &amp; 3D\Shaders\Textures">
      <UniqueIdentifier>{2c8c805e-de82-4434-ae0d-b81f828ed6e5}</UniqueIdentifier>
    </Filter>
    <Filter Include="Interfaces\Render\Execution &amp; 3D\Shaders\ShaderManager">
      <UniqueIdentifier>{04d07edf-023a-4347-8c20-b8e54958fa71}</UniqueIdentifier>
    </Filter>
    <Filter Include="Interfaces\Render\Execution &amp; 3D\Shaders\ShaderManager\doug_lea_memory_allocator">
      <UniqueIdentifier>{0ae45d33-b915-4047-857d-ad8d737b4ddc}</UniqueIdentifier>
    </Filter>
    <Filter Include="Interfaces\Render\Execution &amp; 3D\Shaders\Resources">
      <UniqueIdentifier>{db9a91ce-44c4-4ad0-9fe3-a045d9485fb8}</UniqueIdentifier>
    </Filter>
    <Filter Include="Interfaces\Render\Execution &amp; 3D\Shaders\Resources\dx9_R_shader">
      <UniqueIdentifier>{30f7dae2-b8c7-448b-adb5-7c8b2084835d}</UniqueIdentifier>
    </Filter>
    <Filter Include="Interfaces\Render\Execution &amp; 3D\TextConsole">
      <UniqueIdentifier>{883adc4a-4a0d-4881-a839-3d2ee97a9730}</UniqueIdentifier>
    </Filter>
    <Filter Include="Interfaces\Render\Execution &amp; 3D\DebugDraw">
      <UniqueIdentifier>{bcdbc309-4142-4921-8504-5af66a537ab8}</UniqueIdentifier>
    </Filter>
    <Filter Include="Interfaces\Render\Backend">
      <UniqueIdentifier>{c41b1e7e-4a9a-46c3-9451-8dd9ad0acef4}</UniqueIdentifier>
    </Filter>
    <Filter Include="Engine">
      <UniqueIdentifier>{a1019ba3-69d8-4459-a5f3-854e7548347c}</UniqueIdentifier>
    </Filter>
    <Filter Include="Engine\Collision Core">
      <UniqueIdentifier>{30f2fc9a-2c21-4151-9638-46c14e898ea8}</UniqueIdentifier>
    </Filter>
    <Filter Include="Engine\Console">
      <UniqueIdentifier>{2bc5752a-796c-41ab-81a0-6e9cb5897aa6}</UniqueIdentifier>
    </Filter>
    <Filter Include="Engine\Core">
      <UniqueIdentifier>{68215899-7ef1-49e9-88a5-846fa9911233}</UniqueIdentifier>
    </Filter>
    <Filter Include="Engine\Core\Scripting">
      <UniqueIdentifier>{0fbc4390-4797-4357-bfe5-70bf55b9c6e0}</UniqueIdentifier>
    </Filter>
    <Filter Include="Engine\Noise">
      <UniqueIdentifier>{9bd6f056-3b53-42ef-8115-663cad6edefa}</UniqueIdentifier>
    </Filter>
  </ItemGroup>
  <ItemGroup>
    <ClInclude Include="_d3d_extensions.h">
      <Filter>General</Filter>
    </ClInclude>
    <ClInclude Include="CopyProtection.h">
      <Filter>General</Filter>
    </ClInclude>
    <ClInclude Include="defines.h">
      <Filter>General</Filter>
    </ClInclude>
    <ClInclude Include="stdafx.h">
      <Filter>General</Filter>
    </ClInclude>
    <ClInclude Include="trivial_encryptor.h">
      <Filter>General</Filter>
    </ClInclude>
    <ClInclude Include="x_ray.h">
      <Filter>General</Filter>
    </ClInclude>
    <ClInclude Include="resource.h">
      <Filter>General\Resources</Filter>
    </ClInclude>
    <ClInclude Include="psystem.h">
      <Filter>Interfaces</Filter>
    </ClInclude>
    <ClInclude Include="IInputReceiver.h">
      <Filter>Interfaces\Input</Filter>
    </ClInclude>
    <ClInclude Include="xr_input.h">
      <Filter>Interfaces\Input</Filter>
    </ClInclude>
    <ClInclude Include="ISheduled.h">
      <Filter>Interfaces\Sheduler</Filter>
    </ClInclude>
    <ClInclude Include="xrSheduler.h">
      <Filter>Interfaces\Sheduler</Filter>
    </ClInclude>
    <ClInclude Include="IRenderable.h">
      <Filter>Interfaces\Render</Filter>
    </ClInclude>
    <ClInclude Include="IRenderDetailModel.h">
      <Filter>Interfaces\Render</Filter>
    </ClInclude>
    <ClInclude Include="Render.h">
      <Filter>Interfaces\Render</Filter>
    </ClInclude>
    <ClInclude Include="ISpatial.h">
      <Filter>Interfaces\SPATIAL</Filter>
    </ClInclude>
    <ClInclude Include="ICollidable.h">
      <Filter>Interfaces\Collidable</Filter>
    </ClInclude>
    <ClInclude Include="IGame_Level.h">
      <Filter>Game API</Filter>
    </ClInclude>
    <ClInclude Include="IGame_Persistent.h">
      <Filter>Game API</Filter>
    </ClInclude>
    <ClInclude Include="xrLevel.h">
      <Filter>Game API</Filter>
    </ClInclude>
    <ClInclude Include="IGame_ObjectPool.h">
      <Filter>Game API\Objects</Filter>
    </ClInclude>
    <ClInclude Include="pure_relcase.h">
      <Filter>Game API\Objects</Filter>
    </ClInclude>
    <ClInclude Include="xr_object.h">
      <Filter>Game API\Objects</Filter>
    </ClInclude>
    <ClInclude Include="xr_object_list.h">
      <Filter>Game API\Objects</Filter>
    </ClInclude>
    <ClInclude Include="CustomHUD.h">
      <Filter>Game API\HUD</Filter>
    </ClInclude>
    <ClInclude Include="Environment.h">
      <Filter>Game API\Environment</Filter>
    </ClInclude>
    <ClInclude Include="xrHemisphere.h">
      <Filter>Game API\Environment</Filter>
    </ClInclude>
    <ClInclude Include="Rain.h">
      <Filter>Game API\Environment\Effects</Filter>
    </ClInclude>
    <ClInclude Include="thunderbolt.h">
      <Filter>Game API\Environment\Effects</Filter>
    </ClInclude>
    <ClInclude Include="xr_efflensflare.h">
      <Filter>Game API\Environment\Effects</Filter>
    </ClInclude>
    <ClInclude Include="CameraBase.h">
      <Filter>Game API\Cameras</Filter>
    </ClInclude>
    <ClInclude Include="CameraDebug.h">
      <Filter>Game API\Cameras</Filter>
    </ClInclude>
    <ClInclude Include="CameraDefs.h">
      <Filter>Game API\Cameras</Filter>
    </ClInclude>
    <ClInclude Include="CameraManager.h">
      <Filter>Game API\Cameras</Filter>
    </ClInclude>
    <ClInclude Include="Effector.h">
      <Filter>Game API\Cameras</Filter>
    </ClInclude>
    <ClInclude Include="EffectorPP.h">
      <Filter>Game API\Cameras</Filter>
    </ClInclude>
    <ClInclude Include="xr_area.h">
      <Filter>Game API\Collision</Filter>
    </ClInclude>
    <ClInclude Include="xr_collide_defs.h">
      <Filter>Game API\Collision</Filter>
    </ClInclude>
    <ClInclude Include="xr_collide_form.h">
      <Filter>Game API\Collision</Filter>
    </ClInclude>
    <ClInclude Include="bone.h">
      <Filter>Game API\Animator</Filter>
    </ClInclude>
    <ClInclude Include="envelope.h">
      <Filter>Game API\Animator</Filter>
    </ClInclude>
    <ClInclude Include="motion.h">
      <Filter>Game API\Animator</Filter>
    </ClInclude>
    <ClInclude Include="ObjectAnimator.h">
      <Filter>Game API\Animator</Filter>
    </ClInclude>
    <ClInclude Include="Feel_Sound.h">
      <Filter>Game API\Feelers</Filter>
    </ClInclude>
    <ClInclude Include="Feel_Touch.h">
      <Filter>Game API\Feelers</Filter>
    </ClInclude>
    <ClInclude Include="Feel_Vision.h">
      <Filter>Game API\Feelers</Filter>
    </ClInclude>
    <ClInclude Include="FDemoPlay.h">
      <Filter>Game API\Demo</Filter>
    </ClInclude>
    <ClInclude Include="FDemoRecord.h">
      <Filter>Game API\Demo</Filter>
    </ClInclude>
    <ClInclude Include="FBasicVisual.h">
      <Filter>Interfaces\Render\Visuals</Filter>
    </ClInclude>
    <ClInclude Include="FHierrarhyVisual.h">
      <Filter>Interfaces\Render\Visuals</Filter>
    </ClInclude>
    <ClInclude Include="Fmesh.h">
      <Filter>Interfaces\Render\Visuals</Filter>
    </ClInclude>
    <ClInclude Include="ParticleCustom.h">
      <Filter>Interfaces\Render\Visuals</Filter>
    </ClInclude>
    <ClInclude Include="EnnumerateVertices.h">
      <Filter>Interfaces\Render\Visuals\Skeleton</Filter>
    </ClInclude>
    <ClInclude Include="SkeletonAnimated.h">
      <Filter>Interfaces\Render\Visuals\Skeleton</Filter>
    </ClInclude>
    <ClInclude Include="SkeletonCustom.h">
      <Filter>Interfaces\Render\Visuals\Skeleton</Filter>
    </ClInclude>
    <ClInclude Include="SkeletonMotions.h">
      <Filter>Interfaces\Render\Visuals\Skeleton</Filter>
    </ClInclude>
    <ClInclude Include="SkeletonX.h">
      <Filter>Interfaces\Render\Visuals\Skeleton</Filter>
    </ClInclude>
    <ClInclude Include="vis_common.h">
      <Filter>Interfaces\Render\Visibility</Filter>
    </ClInclude>
    <ClInclude Include="Frustum.h">
      <Filter>Interfaces\Render\Visibility\Frustum</Filter>
    </ClInclude>
    <ClInclude Include="PS_instance.h">
      <Filter>Interfaces\Render\Particle system</Filter>
    </ClInclude>
    <ClInclude Include="LightAnimLibrary.h">
      <Filter>Interfaces\Render\Lighting</Filter>
    </ClInclude>
    <ClInclude Include="GameFont.h">
      <Filter>Interfaces\Render\Font output</Filter>
    </ClInclude>
    <ClInclude Include="MbHelpers.h">
      <Filter>Interfaces\Render\Font output</Filter>
    </ClInclude>
    <ClInclude Include="device.h">
      <Filter>Interfaces\Render\Execution &amp; 3D</Filter>
    </ClInclude>
    <ClInclude Include="StatGraph.h">
      <Filter>Interfaces\Render\Execution &amp; 3D</Filter>
    </ClInclude>
    <ClInclude Include="Stats.h">
      <Filter>Interfaces\Render\Execution &amp; 3D</Filter>
    </ClInclude>
    <ClInclude Include="HW.h">
      <Filter>Interfaces\Render\Execution &amp; 3D\HW</Filter>
    </ClInclude>
    <ClInclude Include="HWCaps.h">
      <Filter>Interfaces\Render\Execution &amp; 3D\HW</Filter>
    </ClInclude>
    <ClInclude Include="xr_effgamma.h">
      <Filter>Interfaces\Render\Execution &amp; 3D\Gamma</Filter>
    </ClInclude>
    <ClInclude Include="Shader_xrLC.h">
      <Filter>Interfaces\Render\Execution &amp; 3D\Shaders</Filter>
    </ClInclude>
    <ClInclude Include="WaveForm.h">
      <Filter>Interfaces\Render\Execution &amp; 3D\Shaders</Filter>
    </ClInclude>
    <ClInclude Include="Blenders\Blender.h">
      <Filter>Interfaces\Render\Execution &amp; 3D\Shaders\Blender</Filter>
    </ClInclude>
    <ClInclude Include="Blenders\Blender_CLSID.h">
      <Filter>Interfaces\Render\Execution &amp; 3D\Shaders\Blender</Filter>
    </ClInclude>
    <ClInclude Include="Blenders\Blender_Recorder.h">
      <Filter>Interfaces\Render\Execution &amp; 3D\Shaders\Blender</Filter>
    </ClInclude>
    <ClInclude Include="tss.h">
      <Filter>Interfaces\Render\Execution &amp; 3D\Shaders\Blender</Filter>
    </ClInclude>
    <ClInclude Include="tss_def.h">
      <Filter>Interfaces\Render\Execution &amp; 3D\Shaders\Blender</Filter>
    </ClInclude>
    <ClInclude Include="tntQAVI.h">
      <Filter>Interfaces\Render\Execution &amp; 3D\Shaders\Textures</Filter>
    </ClInclude>
    <ClInclude Include="xrImage_Resampler.h">
      <Filter>Interfaces\Render\Execution &amp; 3D\Shaders\Textures</Filter>
    </ClInclude>
    <ClInclude Include="xrTheora_Stream.h">
      <Filter>Interfaces\Render\Execution &amp; 3D\Shaders\Textures</Filter>
    </ClInclude>
    <ClInclude Include="xrTheora_Surface.h">
      <Filter>Interfaces\Render\Execution &amp; 3D\Shaders\Textures</Filter>
    </ClInclude>
    <ClInclude Include="xrTheora_Surface_mmx.h">
      <Filter>Interfaces\Render\Execution &amp; 3D\Shaders\Textures</Filter>
    </ClInclude>
    <ClInclude Include="ETextureParams.h">
      <Filter>Interfaces\Render\Execution &amp; 3D\Shaders\ShaderManager</Filter>
    </ClInclude>
    <ClInclude Include="ResourceManager.h">
      <Filter>Interfaces\Render\Execution &amp; 3D\Shaders\ShaderManager</Filter>
    </ClInclude>
    <ClInclude Include="TextureDescrManager.h">
      <Filter>Interfaces\Render\Execution &amp; 3D\Shaders\ShaderManager</Filter>
    </ClInclude>
    <ClInclude Include="doug_lea_memory_allocator.h">
      <Filter>Interfaces\Render\Execution &amp; 3D\Shaders\ShaderManager\doug_lea_memory_allocator</Filter>
    </ClInclude>
    <ClInclude Include="r_constants.h">
      <Filter>Interfaces\Render\Execution &amp; 3D\Shaders\Resources</Filter>
    </ClInclude>
    <ClInclude Include="SH_Atomic.h">
      <Filter>Interfaces\Render\Execution &amp; 3D\Shaders\Resources</Filter>
    </ClInclude>
    <ClInclude Include="SH_Constant.h">
      <Filter>Interfaces\Render\Execution &amp; 3D\Shaders\Resources</Filter>
    </ClInclude>
    <ClInclude Include="SH_Matrix.h">
      <Filter>Interfaces\Render\Execution &amp; 3D\Shaders\Resources</Filter>
    </ClInclude>
    <ClInclude Include="SH_RT.h">
      <Filter>Interfaces\Render\Execution &amp; 3D\Shaders\Resources</Filter>
    </ClInclude>
    <ClInclude Include="SH_Texture.h">
      <Filter>Interfaces\Render\Execution &amp; 3D\Shaders\Resources</Filter>
    </ClInclude>
    <ClInclude Include="Shader.h">
      <Filter>Interfaces\Render\Execution &amp; 3D\Shaders\Resources</Filter>
    </ClInclude>
    <ClInclude Include="r_constants_cache.h">
      <Filter>Interfaces\Render\Execution &amp; 3D\Shaders\Resources\dx9_R_shader</Filter>
    </ClInclude>
    <ClInclude Include="Text_Console.h">
      <Filter>Interfaces\Render\Execution &amp; 3D\TextConsole</Filter>
    </ClInclude>
    <ClInclude Include="D3DUtils.h">
      <Filter>Interfaces\Render\Execution &amp; 3D\DebugDraw</Filter>
    </ClInclude>
    <ClInclude Include="DrawUtils.h">
      <Filter>Interfaces\Render\Execution &amp; 3D\DebugDraw</Filter>
    </ClInclude>
    <ClInclude Include="du_box.h">
      <Filter>Interfaces\Render\Execution &amp; 3D\DebugDraw</Filter>
    </ClInclude>
    <ClInclude Include="du_cone.h">
      <Filter>Interfaces\Render\Execution &amp; 3D\DebugDraw</Filter>
    </ClInclude>
    <ClInclude Include="du_cylinder.h">
      <Filter>Interfaces\Render\Execution &amp; 3D\DebugDraw</Filter>
    </ClInclude>
    <ClInclude Include="du_sphere.h">
      <Filter>Interfaces\Render\Execution &amp; 3D\DebugDraw</Filter>
    </ClInclude>
    <ClInclude Include="du_sphere_part.h">
      <Filter>Interfaces\Render\Execution &amp; 3D\DebugDraw</Filter>
    </ClInclude>
    <ClInclude Include="FVF.h">
      <Filter>Interfaces\Render\Backend</Filter>
    </ClInclude>
    <ClInclude Include="R_Backend.h">
      <Filter>Interfaces\Render\Backend</Filter>
    </ClInclude>
    <ClInclude Include="R_Backend_Runtime.h">
      <Filter>Interfaces\Render\Backend</Filter>
    </ClInclude>
    <ClInclude Include="R_Backend_xform.h">
      <Filter>Interfaces\Render\Backend</Filter>
    </ClInclude>
    <ClInclude Include="R_DStreams.h">
      <Filter>Interfaces\Render\Backend</Filter>
    </ClInclude>
    <ClInclude Include="Properties.h">
      <Filter>Engine</Filter>
    </ClInclude>
    <ClInclude Include="pure.h">
      <Filter>Engine</Filter>
    </ClInclude>
    <ClInclude Include="std_classes.h">
      <Filter>Engine</Filter>
    </ClInclude>
    <ClInclude Include="cl_intersect.h">
      <Filter>Engine\Collision Core</Filter>
    </ClInclude>
    <ClInclude Include="xrXRC.h">
      <Filter>Engine\Collision Core</Filter>
    </ClInclude>
    <ClInclude Include="xr_ioc_cmd.h">
      <Filter>Engine\Console</Filter>
    </ClInclude>
    <ClInclude Include="XR_IOConsole.h">
      <Filter>Engine\Console</Filter>
    </ClInclude>
    <ClInclude Include="Engine.h">
      <Filter>Engine\Core</Filter>
    </ClInclude>
    <ClInclude Include="EngineAPI.h">
      <Filter>Engine\Core</Filter>
    </ClInclude>
    <ClInclude Include="EventAPI.h">
      <Filter>Engine\Core</Filter>
    </ClInclude>
    <ClInclude Include="xrCPU_Pipe.h">
      <Filter>Engine\Core</Filter>
    </ClInclude>
    <ClInclude Include="ai_script_lua_extension.h">
      <Filter>Engine\Core\Scripting</Filter>
    </ClInclude>
    <ClInclude Include="ai_script_lua_space.h">
      <Filter>Engine\Core\Scripting</Filter>
    </ClInclude>
    <ClInclude Include="ai_script_space.h">
      <Filter>Engine\Core\Scripting</Filter>
    </ClInclude>
    <ClInclude Include="perlin.h">
      <Filter>Engine\Noise</Filter>
    </ClInclude>
  </ItemGroup>
  <ItemGroup>
    <ClCompile Include="defines.cpp">
      <Filter>General</Filter>
    </ClCompile>
    <ClCompile Include="stdafx.cpp">
      <Filter>General</Filter>
    </ClCompile>
    <ClCompile Include="x_ray.cpp">
      <Filter>General</Filter>
    </ClCompile>
    <ClCompile Include="IInputReceiver.cpp">
      <Filter>Interfaces\Input</Filter>
    </ClCompile>
    <ClCompile Include="Xr_input.cpp">
      <Filter>Interfaces\Input</Filter>
    </ClCompile>
    <ClCompile Include="ISheduled.cpp">
      <Filter>Interfaces\Sheduler</Filter>
    </ClCompile>
    <ClCompile Include="xrSheduler.cpp">
      <Filter>Interfaces\Sheduler</Filter>
    </ClCompile>
    <ClCompile Include="IRenderable.cpp">
      <Filter>Interfaces\Render</Filter>
    </ClCompile>
    <ClCompile Include="Render.cpp">
      <Filter>Interfaces\Render</Filter>
    </ClCompile>
    <ClCompile Include="ISpatial.cpp">
      <Filter>Interfaces\SPATIAL</Filter>
    </ClCompile>
    <ClCompile Include="ISpatial_q_box.cpp">
      <Filter>Interfaces\SPATIAL</Filter>
    </ClCompile>
    <ClCompile Include="ISpatial_q_frustum.cpp">
      <Filter>Interfaces\SPATIAL</Filter>
    </ClCompile>
    <ClCompile Include="ISpatial_q_ray.cpp">
      <Filter>Interfaces\SPATIAL</Filter>
    </ClCompile>
    <ClCompile Include="ISpatial_verify.cpp">
      <Filter>Interfaces\SPATIAL</Filter>
    </ClCompile>
    <ClCompile Include="ICollidable.cpp">
      <Filter>Interfaces\Collidable</Filter>
    </ClCompile>
    <ClCompile Include="IGame_Level.cpp">
      <Filter>Game API</Filter>
    </ClCompile>
    <ClCompile Include="IGame_Level_check_textures.cpp">
      <Filter>Game API</Filter>
    </ClCompile>
    <ClCompile Include="IGame_Persistent.cpp">
      <Filter>Game API</Filter>
    </ClCompile>
    <ClCompile Include="IGame_ObjectPool.cpp">
      <Filter>Game API\Objects</Filter>
    </ClCompile>
    <ClCompile Include="pure_relcase.cpp">
      <Filter>Game API\Objects</Filter>
    </ClCompile>
    <ClCompile Include="xr_object.cpp">
      <Filter>Game API\Objects</Filter>
    </ClCompile>
    <ClCompile Include="xr_object_list.cpp">
      <Filter>Game API\Objects</Filter>
    </ClCompile>
    <ClCompile Include="CustomHUD.cpp">
      <Filter>Game API\HUD</Filter>
    </ClCompile>
    <ClCompile Include="Environment.cpp">
      <Filter>Game API\Environment</Filter>
    </ClCompile>
    <ClCompile Include="Environment_misc.cpp">
      <Filter>Game API\Environment</Filter>
    </ClCompile>
    <ClCompile Include="Environment_render.cpp">
      <Filter>Game API\Environment</Filter>
    </ClCompile>
    <ClCompile Include="xrHemisphere.cpp">
      <Filter>Game API\Environment</Filter>
    </ClCompile>
    <ClCompile Include="Rain.cpp">
      <Filter>Game API\Environment\Effects</Filter>
    </ClCompile>
    <ClCompile Include="thunderbolt.cpp">
      <Filter>Game API\Environment\Effects</Filter>
    </ClCompile>
    <ClCompile Include="xr_efflensflare.cpp">
      <Filter>Game API\Environment\Effects</Filter>
    </ClCompile>
    <ClCompile Include="CameraBase.cpp">
      <Filter>Game API\Cameras</Filter>
    </ClCompile>
    <ClCompile Include="CameraManager.cpp">
      <Filter>Game API\Cameras</Filter>
    </ClCompile>
    <ClCompile Include="Effector.cpp">
      <Filter>Game API\Cameras</Filter>
    </ClCompile>
    <ClCompile Include="EffectorPP.cpp">
      <Filter>Game API\Cameras</Filter>
    </ClCompile>
    <ClCompile Include="xr_area.cpp">
      <Filter>Game API\Collision</Filter>
    </ClCompile>
    <ClCompile Include="xr_area_query.cpp">
      <Filter>Game API\Collision</Filter>
    </ClCompile>
    <ClCompile Include="xr_area_raypick.cpp">
      <Filter>Game API\Collision</Filter>
    </ClCompile>
    <ClCompile Include="xr_collide_form.cpp">
      <Filter>Game API\Collision</Filter>
    </ClCompile>
    <ClCompile Include="Envelope.cpp">
      <Filter>Game API\Animator</Filter>
    </ClCompile>
    <ClCompile Include="interp.cpp">
      <Filter>Game API\Animator</Filter>
    </ClCompile>
    <ClCompile Include="motion.cpp">
      <Filter>Game API\Animator</Filter>
    </ClCompile>
    <ClCompile Include="ObjectAnimator.cpp">
      <Filter>Game API\Animator</Filter>
    </ClCompile>
    <ClCompile Include="Feel_Touch.cpp">
      <Filter>Game API\Feelers</Filter>
    </ClCompile>
    <ClCompile Include="Feel_Vision.cpp">
      <Filter>Game API\Feelers</Filter>
    </ClCompile>
    <ClCompile Include="FDemoPlay.cpp">
      <Filter>Game API\Demo</Filter>
    </ClCompile>
    <ClCompile Include="FDemoRecord.cpp">
      <Filter>Game API\Demo</Filter>
    </ClCompile>
    <ClCompile Include="FBasicVisual.cpp">
      <Filter>Interfaces\Render\Visuals</Filter>
    </ClCompile>
    <ClCompile Include="FHierrarhyVisual.cpp">
      <Filter>Interfaces\Render\Visuals</Filter>
    </ClCompile>
    <ClCompile Include="fmesh.cpp">
      <Filter>Interfaces\Render\Visuals</Filter>
    </ClCompile>
    <ClCompile Include="ParticleCustom.cpp">
      <Filter>Interfaces\Render\Visuals</Filter>
    </ClCompile>
    <ClCompile Include="SkeletonAnimated.cpp">
      <Filter>Interfaces\Render\Visuals\Skeleton</Filter>
    </ClCompile>
    <ClCompile Include="SkeletonCustom.cpp">
      <Filter>Interfaces\Render\Visuals\Skeleton</Filter>
    </ClCompile>
    <ClCompile Include="SkeletonMotions.cpp">
      <Filter>Interfaces\Render\Visuals\Skeleton</Filter>
    </ClCompile>
    <ClCompile Include="SkeletonRigid.cpp">
      <Filter>Interfaces\Render\Visuals\Skeleton</Filter>
    </ClCompile>
    <ClCompile Include="SkeletonX.cpp">
      <Filter>Interfaces\Render\Visuals\Skeleton</Filter>
    </ClCompile>
    <ClCompile Include="Frustum.cpp">
      <Filter>Interfaces\Render\Visibility\Frustum</Filter>
    </ClCompile>
    <ClCompile Include="PS_instance.cpp">
      <Filter>Interfaces\Render\Particle system</Filter>
    </ClCompile>
    <ClCompile Include="LightAnimLibrary.cpp">
      <Filter>Interfaces\Render\Lighting</Filter>
    </ClCompile>
    <ClCompile Include="GameFont.cpp">
      <Filter>Interfaces\Render\Font output</Filter>
    </ClCompile>
    <ClCompile Include="MbHelpers.cpp">
      <Filter>Interfaces\Render\Font output</Filter>
    </ClCompile>
    <ClCompile Include="device.cpp">
      <Filter>Interfaces\Render\Execution &amp; 3D</Filter>
    </ClCompile>
    <ClCompile Include="Device_create.cpp">
      <Filter>Interfaces\Render\Execution &amp; 3D</Filter>
    </ClCompile>
    <ClCompile Include="Device_destroy.cpp">
      <Filter>Interfaces\Render\Execution &amp; 3D</Filter>
    </ClCompile>
    <ClCompile Include="Device_Initialize.cpp">
      <Filter>Interfaces\Render\Execution &amp; 3D</Filter>
    </ClCompile>
    <ClCompile Include="Device_Misc.cpp">
      <Filter>Interfaces\Render\Execution &amp; 3D</Filter>
    </ClCompile>
    <ClCompile Include="Device_overdraw.cpp">
      <Filter>Interfaces\Render\Execution &amp; 3D</Filter>
    </ClCompile>
    <ClCompile Include="Device_wndproc.cpp">
      <Filter>Interfaces\Render\Execution &amp; 3D</Filter>
    </ClCompile>
    <ClCompile Include="StatGraph.cpp">
      <Filter>Interfaces\Render\Execution &amp; 3D</Filter>
    </ClCompile>
    <ClCompile Include="Stats.cpp">
      <Filter>Interfaces\Render\Execution &amp; 3D</Filter>
    </ClCompile>
    <ClCompile Include="HW.cpp">
      <Filter>Interfaces\Render\Execution &amp; 3D\HW</Filter>
    </ClCompile>
    <ClCompile Include="HWCaps.cpp">
      <Filter>Interfaces\Render\Execution &amp; 3D\HW</Filter>
    </ClCompile>
    <ClCompile Include="xr_effgamma.cpp">
      <Filter>Interfaces\Render\Execution &amp; 3D\Gamma</Filter>
    </ClCompile>
    <ClCompile Include="Blenders\Blender.cpp">
      <Filter>Interfaces\Render\Execution &amp; 3D\Shaders\Blender</Filter>
    </ClCompile>
    <ClCompile Include="Blenders\Blender_Palette.cpp">
      <Filter>Interfaces\Render\Execution &amp; 3D\Shaders\Blender</Filter>
    </ClCompile>
    <ClCompile Include="Blenders\Blender_Recorder.cpp">
      <Filter>Interfaces\Render\Execution &amp; 3D\Shaders\Blender</Filter>
    </ClCompile>
    <ClCompile Include="Blender_Recorder_R2.cpp">
      <Filter>Interfaces\Render\Execution &amp; 3D\Shaders\Blender</Filter>
    </ClCompile>
    <ClCompile Include="Blender_Recorder_StandartBinding.cpp">
      <Filter>Interfaces\Render\Execution &amp; 3D\Shaders\Blender</Filter>
    </ClCompile>
    <ClCompile Include="tss_def.cpp">
      <Filter>Interfaces\Render\Execution &amp; 3D\Shaders\Blender</Filter>
    </ClCompile>
    <ClCompile Include="tntQAVI.cpp">
      <Filter>Interfaces\Render\Execution &amp; 3D\Shaders\Textures</Filter>
    </ClCompile>
    <ClCompile Include="xrImage_Resampler.cpp">
      <Filter>Interfaces\Render\Execution &amp; 3D\Shaders\Textures</Filter>
    </ClCompile>
    <ClCompile Include="xrTheora_Stream.cpp">
      <Filter>Interfaces\Render\Execution &amp; 3D\Shaders\Textures</Filter>
    </ClCompile>
    <ClCompile Include="xrTheora_Surface.cpp">
      <Filter>Interfaces\Render\Execution &amp; 3D\Shaders\Textures</Filter>
    </ClCompile>
    <ClCompile Include="xrTheora_Surface_mmx.cpp">
      <Filter>Interfaces\Render\Execution &amp; 3D\Shaders\Textures</Filter>
    </ClCompile>
    <ClCompile Include="ETextureParams.cpp">
      <Filter>Interfaces\Render\Execution &amp; 3D\Shaders\ShaderManager</Filter>
    </ClCompile>
    <ClCompile Include="ResourceManager.cpp">
      <Filter>Interfaces\Render\Execution &amp; 3D\Shaders\ShaderManager</Filter>
    </ClCompile>
    <ClCompile Include="ResourceManager_Loader.cpp">
      <Filter>Interfaces\Render\Execution &amp; 3D\Shaders\ShaderManager</Filter>
    </ClCompile>
    <ClCompile Include="ResourceManager_Reset.cpp">
      <Filter>Interfaces\Render\Execution &amp; 3D\Shaders\ShaderManager</Filter>
    </ClCompile>
    <ClCompile Include="ResourceManager_Resources.cpp">
      <Filter>Interfaces\Render\Execution &amp; 3D\Shaders\ShaderManager</Filter>
    </ClCompile>
    <ClCompile Include="ResourceManager_Scripting.cpp">
      <Filter>Interfaces\Render\Execution &amp; 3D\Shaders\ShaderManager</Filter>
    </ClCompile>
    <ClCompile Include="TextureDescrManager.cpp">
      <Filter>Interfaces\Render\Execution &amp; 3D\Shaders\ShaderManager</Filter>
    </ClCompile>
    <ClCompile Include="doug_lea_memory_allocator.c">
      <Filter>Interfaces\Render\Execution &amp; 3D\Shaders\ShaderManager\doug_lea_memory_allocator</Filter>
    </ClCompile>
    <ClCompile Include="r_constants.cpp">
      <Filter>Interfaces\Render\Execution &amp; 3D\Shaders\Resources</Filter>
    </ClCompile>
    <ClCompile Include="SH_Atomic.cpp">
      <Filter>Interfaces\Render\Execution &amp; 3D\Shaders\Resources</Filter>
    </ClCompile>
    <ClCompile Include="SH_Constant.cpp">
      <Filter>Interfaces\Render\Execution &amp; 3D\Shaders\Resources</Filter>
    </ClCompile>
    <ClCompile Include="SH_Matrix.cpp">
      <Filter>Interfaces\Render\Execution &amp; 3D\Shaders\Resources</Filter>
    </ClCompile>
    <ClCompile Include="SH_RT.cpp">
      <Filter>Interfaces\Render\Execution &amp; 3D\Shaders\Resources</Filter>
    </ClCompile>
    <ClCompile Include="SH_Texture.cpp">
      <Filter>Interfaces\Render\Execution &amp; 3D\Shaders\Resources</Filter>
    </ClCompile>
    <ClCompile Include="Shader.cpp">
      <Filter>Interfaces\Render\Execution &amp; 3D\Shaders\Resources</Filter>
    </ClCompile>
    <ClCompile Include="r_constants_cache.cpp">
      <Filter>Interfaces\Render\Execution &amp; 3D\Shaders\Resources\dx9_R_shader</Filter>
    </ClCompile>
    <ClCompile Include="Text_Console.cpp">
      <Filter>Interfaces\Render\Execution &amp; 3D\TextConsole</Filter>
    </ClCompile>
    <ClCompile Include="Text_Console_WndProc.cpp">
      <Filter>Interfaces\Render\Execution &amp; 3D\TextConsole</Filter>
    </ClCompile>
    <ClCompile Include="D3DUtils.cpp">
      <Filter>Interfaces\Render\Execution &amp; 3D\DebugDraw</Filter>
    </ClCompile>
    <ClCompile Include="du_box.cpp">
      <Filter>Interfaces\Render\Execution &amp; 3D\DebugDraw</Filter>
    </ClCompile>
    <ClCompile Include="du_cone.cpp">
      <Filter>Interfaces\Render\Execution &amp; 3D\DebugDraw</Filter>
    </ClCompile>
    <ClCompile Include="du_cylinder.cpp">
      <Filter>Interfaces\Render\Execution &amp; 3D\DebugDraw</Filter>
    </ClCompile>
    <ClCompile Include="du_sphere.cpp">
      <Filter>Interfaces\Render\Execution &amp; 3D\DebugDraw</Filter>
    </ClCompile>
    <ClCompile Include="du_sphere_part.cpp">
      <Filter>Interfaces\Render\Execution &amp; 3D\DebugDraw</Filter>
    </ClCompile>
    <ClCompile Include="R_Backend.cpp">
      <Filter>Interfaces\Render\Backend</Filter>
    </ClCompile>
    <ClCompile Include="R_Backend_DBG.cpp">
      <Filter>Interfaces\Render\Backend</Filter>
    </ClCompile>
    <ClCompile Include="R_Backend_Runtime.cpp">
      <Filter>Interfaces\Render\Backend</Filter>
    </ClCompile>
    <ClCompile Include="R_Backend_xform.cpp">
      <Filter>Interfaces\Render\Backend</Filter>
    </ClCompile>
    <ClCompile Include="R_DStreams.cpp">
      <Filter>Interfaces\Render\Backend</Filter>
    </ClCompile>
    <ClCompile Include="pure.cpp">
      <Filter>Engine</Filter>
    </ClCompile>
    <ClCompile Include="xrXRC.cpp">
      <Filter>Engine\Collision Core</Filter>
    </ClCompile>
    <ClCompile Include="xr_ioc_cmd.cpp">
      <Filter>Engine\Console</Filter>
    </ClCompile>
    <ClCompile Include="XR_IOConsole.cpp">
      <Filter>Engine\Console</Filter>
    </ClCompile>
    <ClCompile Include="Engine.cpp">
      <Filter>Engine\Core</Filter>
    </ClCompile>
    <ClCompile Include="EngineAPI.cpp">
      <Filter>Engine\Core</Filter>
    </ClCompile>
    <ClCompile Include="EventAPI.cpp">
      <Filter>Engine\Core</Filter>
    </ClCompile>
    <ClCompile Include="mailSlot.cpp">
      <Filter>Engine\Core</Filter>
    </ClCompile>
    <ClCompile Include="_scripting.cpp">
      <Filter>Engine\Core\Scripting</Filter>
    </ClCompile>
    <ClCompile Include="ai_script_lua_debug.cpp">
      <Filter>Engine\Core\Scripting</Filter>
    </ClCompile>
    <ClCompile Include="ai_script_lua_extension.cpp">
      <Filter>Engine\Core\Scripting</Filter>
    </ClCompile>
    <ClCompile Include="perlin.cpp">
      <Filter>Engine\Noise</Filter>
    </ClCompile>
  </ItemGroup>
  <ItemGroup>
    <Resource Include="OutOfVirtError.RES">
      <Filter>General\Resources</Filter>
    </Resource>
  </ItemGroup>
  <ItemGroup>
    <ResourceCompile Include="resource.rc">
      <Filter>General\Resources</Filter>
    </ResourceCompile>
  </ItemGroup>
  <ItemGroup>
    <None Include="stalker.ico">
      <Filter>General\Resources</Filter>
    </None>
    <None Include="ui_splash3.bmp">
      <Filter>General\Resources</Filter>
    </None>
    <None Include="ClientServer.txt" />
    <None Include="Effects description.txt" />
    <None Include="features.txt" />
    <None Include="TODO.txt" />
  </ItemGroup>
</Project>