<?xml version="1.0" encoding="utf-8"?>
<Project ToolsVersion="4.0" xmlns="http://schemas.microsoft.com/developer/msbuild/2003">
  <ItemGroup>
    <Filter Include="Kernel">
      <UniqueIdentifier>{a5a1d2b4-d4d5-4080-9401-820da8d5faf5}</UniqueIdentifier>
    </Filter>
    <Filter Include="3DNow!">
      <UniqueIdentifier>{d4ce0d5f-260d-405c-a6d2-807e926d6068}</UniqueIdentifier>
    </Filter>
    <Filter Include="SSE">
      <UniqueIdentifier>{0d2b76a2-63bc-4123-9768-e1e6f4595339}</UniqueIdentifier>
    </Filter>
    <Filter Include="Generic x86">
      <UniqueIdentifier>{95c0947b-54bf-46ba-8966-1d857a45b474}</UniqueIdentifier>
    </Filter>
  </ItemGroup>
  <ItemGroup>
    <ClCompile Include="StdAfx.cpp">
      <Filter>Kernel</Filter>
    </ClCompile>
    <ClCompile Include="xrCPU_Pipe.cpp">
      <Filter>Kernel</Filter>
    </ClCompile>
    <ClCompile Include="3DNow!Lib.cpp">
      <Filter>3DNow!</Filter>
    </ClCompile>
    <ClCompile Include="xrBoneLerp_3DNow!.cpp">
      <Filter>3DNow!</Filter>
    </ClCompile>
    <ClCompile Include="xrM44mul_3DNow!.cpp">
      <Filter>3DNow!</Filter>
    </ClCompile>
    <ClCompile Include="xrMemCopy8_3DNow!.cpp">
      <Filter>3DNow!</Filter>
    </ClCompile>
    <ClCompile Include="xrMemFill32_3DNow!.cpp">
      <Filter>3DNow!</Filter>
    </ClCompile>
    <ClCompile Include="xrSkin1W_3DNow!.cpp">
      <Filter>3DNow!</Filter>
    </ClCompile>
    <ClCompile Include="xrSkin2W_3DNow!.cpp">
      <Filter>3DNow!</Filter>
    </ClCompile>
    <ClCompile Include="xrSkin1W_SSE.cpp">
      <Filter>SSE</Filter>
    </ClCompile>
    <ClCompile Include="xrSkin2W_SSE.cpp">
      <Filter>SSE</Filter>
    </ClCompile>
    <ClCompile Include="xrBoneLerp.cpp">
      <Filter>Generic x86</Filter>
    </ClCompile>
    <ClCompile Include="xrM44mul.cpp">
      <Filter>Generic x86</Filter>
    </ClCompile>
    <ClCompile Include="xrQuatSlerp.cpp">
      <Filter>Generic x86</Filter>
    </ClCompile>
    <ClCompile Include="xrSkin1W.cpp">
      <Filter>Generic x86</Filter>
    </ClCompile>
    <ClCompile Include="xrSkin2W.cpp">
      <Filter>Generic x86</Filter>
    </ClCompile>
    <ClCompile Include="xrTransfer.cpp">
      <Filter>Generic x86</Filter>
    </ClCompile>
  </ItemGroup>
  <ItemGroup>
    <ClInclude Include="StdAfx.h">
      <Filter>Kernel</Filter>
    </ClInclude>
    <ClInclude Include="xrCPU_Pipe.h">
      <Filter>Kernel</Filter>
    </ClInclude>
  </ItemGroup>
</Project>