<?xml version="1.0" encoding="utf-8"?>
<Project ToolsVersion="4.0" xmlns="http://schemas.microsoft.com/developer/msbuild/2003">
  <ItemGroup>
    <Filter Include="Source Files">
      <UniqueIdentifier>{4FC737F1-C7A5-4376-A066-2A32D752A2FF}</UniqueIdentifier>
      <Extensions>cpp;c;cxx;def;odl;idl;hpj;bat;asm;asmx</Extensions>
    </Filter>
    <Filter Include="Header Files">
      <UniqueIdentifier>{93995380-89BD-4b04-88EB-625FBE52EBFB}</UniqueIdentifier>
      <Extensions>h;hpp;hxx;hm;inl;inc;xsd</Extensions>
    </Filter>
    <Filter Include="Resource Files">
      <UniqueIdentifier>{67DA6AB6-F800-4c08-8B7A-83BB121AAD01}</UniqueIdentifier>
      <Extensions>rc;ico;cur;bmp;dlg;rc2;rct;bin;rgs;gif;jpg;jpeg;jpe;resx</Extensions>
    </Filter>
    <Filter Include="IDirect3D9">
      <UniqueIdentifier>{9da9fd22-2ecb-42a4-a817-957d65d6e745}</UniqueIdentifier>
    </Filter>
    <Filter Include="IDirect3DDevice9">
      <UniqueIdentifier>{d2360c90-f9ba-4e16-84d8-721dfbeb6b66}</UniqueIdentifier>
    </Filter>
    <Filter Include="IDirect3DQuery9">
      <UniqueIdentifier>{6d0c7c3c-86fd-41eb-b816-a0b84ac9b528}</UniqueIdentifier>
    </Filter>
    <Filter Include="IDirect3DSurface9">
      <UniqueIdentifier>{00bf6890-ae65-4f1a-95a9-b0365b4e1ca8}</UniqueIdentifier>
    </Filter>
    <Filter Include="IDirect3DIndexBuffer9">
      <UniqueIdentifier>{ade5a4fc-e6a0-45f7-bf41-86860fbc15f9}</UniqueIdentifier>
    </Filter>
    <Filter Include="IDirect3DVertexBuffer9">
      <UniqueIdentifier>{ac70ae5f-0992-4643-902b-4e091c5901d0}</UniqueIdentifier>
    </Filter>
    <Filter Include="IDirect3DTexture9">
      <UniqueIdentifier>{400e48a2-bf25-402b-8bbf-3646e5bd1afd}</UniqueIdentifier>
    </Filter>
    <Filter Include="IDirect3DVertexDeclaration9">
      <UniqueIdentifier>{cd602321-35d0-4936-a496-c728992418c5}</UniqueIdentifier>
    </Filter>
    <Filter Include="IDirect3DVertexShader9">
      <UniqueIdentifier>{9ab784dd-3bbb-401a-9093-a7144199bacc}</UniqueIdentifier>
    </Filter>
    <Filter Include="IDirect3DPixelShader9">
      <UniqueIdentifier>{a3a4cc66-09c8-43c8-92d7-a18fcc1fa68a}</UniqueIdentifier>
    </Filter>
    <Filter Include="IDirect3DStateBlock9">
      <UniqueIdentifier>{b6dbbc17-7642-44d2-beb2-4e6fe17027a7}</UniqueIdentifier>
    </Filter>
    <Filter Include="IDirect3DCubeTexture9">
      <UniqueIdentifier>{5038e044-684d-4da8-b671-67664af09a00}</UniqueIdentifier>
    </Filter>
  </ItemGroup>
  <ItemGroup>
    <ClCompile Include="stdafx.cpp">
      <Filter>Source Files</Filter>
    </ClCompile>
    <ClCompile Include="xrD3D9-Null.cpp">
      <Filter>Source Files</Filter>
    </ClCompile>
    <ClCompile Include="xrD3D9-Null_OutProc.cpp">
      <Filter>Source Files</Filter>
    </ClCompile>
    <ClCompile Include="IDirect3D9.cpp">
      <Filter>IDirect3D9</Filter>
    </ClCompile>
    <ClCompile Include="IDirect3DDevice9.cpp">
      <Filter>IDirect3DDevice9</Filter>
    </ClCompile>
    <ClCompile Include="IDirect3DDevice9_Caps.cpp">
      <Filter>IDirect3DDevice9</Filter>
    </ClCompile>
    <ClCompile Include="IDirect3DQuery9.cpp">
      <Filter>IDirect3DQuery9</Filter>
    </ClCompile>
    <ClCompile Include="IDirect3DSurface9.cpp">
      <Filter>IDirect3DSurface9</Filter>
    </ClCompile>
    <ClCompile Include="IDirect3DIndexBuffer9.cpp">
      <Filter>IDirect3DIndexBuffer9</Filter>
    </ClCompile>
    <ClCompile Include="IDirect3DVertexBuffer9.cpp">
      <Filter>IDirect3DVertexBuffer9</Filter>
    </ClCompile>
    <ClCompile Include="IDirect3DTexture9.cpp">
      <Filter>IDirect3DTexture9</Filter>
    </ClCompile>
    <ClCompile Include="IDirect3DVertexDeclaration9.cpp">
      <Filter>IDirect3DVertexDeclaration9</Filter>
    </ClCompile>
    <ClCompile Include="IDirect3DVertexShader9.cpp">
      <Filter>IDirect3DVertexShader9</Filter>
    </ClCompile>
    <ClCompile Include="IDirect3DPixelShader9.cpp">
      <Filter>IDirect3DPixelShader9</Filter>
    </ClCompile>
    <ClCompile Include="IDirect3DStateBlock9.cpp">
      <Filter>IDirect3DStateBlock9</Filter>
    </ClCompile>
    <ClCompile Include="IDirect3DCubeTexture9.cpp">
      <Filter>IDirect3DCubeTexture9</Filter>
    </ClCompile>
  </ItemGroup>
  <ItemGroup>
    <None Include="xrD3D9-Null.def">
      <Filter>Source Files</Filter>
    </None>
    <None Include="ReadMe.txt" />
  </ItemGroup>
  <ItemGroup>
    <ClInclude Include="stdafx.h">
      <Filter>Header Files</Filter>
    </ClInclude>
    <ClInclude Include="xrD3D9-Null.h">
      <Filter>Header Files</Filter>
    </ClInclude>
    <ClInclude Include="xrD3D9-Null_OutProc.h">
      <Filter>Header Files</Filter>
    </ClInclude>
    <ClInclude Include="IDirect3D9.h">
      <Filter>IDirect3D9</Filter>
    </ClInclude>
    <ClInclude Include="IDirect3DDevice9.h">
      <Filter>IDirect3DDevice9</Filter>
    </ClInclude>
    <ClInclude Include="IDirect3DQuery9.h">
      <Filter>IDirect3DQuery9</Filter>
    </ClInclude>
    <ClInclude Include="IDirect3DSurface9.h">
      <Filter>IDirect3DSurface9</Filter>
    </ClInclude>
    <ClInclude Include="IDirect3DIndexBuffer9.h">
      <Filter>IDirect3DIndexBuffer9</Filter>
    </ClInclude>
    <ClInclude Include="IDirect3DVertexBuffer9.h">
      <Filter>IDirect3DVertexBuffer9</Filter>
    </ClInclude>
    <ClInclude Include="IDirect3DTexture9.h">
      <Filter>IDirect3DTexture9</Filter>
    </ClInclude>
    <ClInclude Include="IDirect3DVertexDeclaration9.h">
      <Filter>IDirect3DVertexDeclaration9</Filter>
    </ClInclude>
    <ClInclude Include="IDirect3DVertexShader9.h">
      <Filter>IDirect3DVertexShader9</Filter>
    </ClInclude>
    <ClInclude Include="IDirect3DPixelShader9.h">
      <Filter>IDirect3DPixelShader9</Filter>
    </ClInclude>
    <ClInclude Include="IDirect3DStateBlock9.h">
      <Filter>IDirect3DStateBlock9</Filter>
    </ClInclude>
    <ClInclude Include="IDirect3DCubeTexture9.h">
      <Filter>IDirect3DCubeTexture9</Filter>
    </ClInclude>
  </ItemGroup>
</Project>